// !$*UTF8*$!
{
	archiveVersion = 1;
	classes = {
	};
	objectVersion = 48;
	objects = {

/* Begin PBXBuildFile section */
		A9B50E8D84F8AC9283258828 /* Pods_garage_sensor.framework in Frameworks */ = {isa = PBXBuildFile; fileRef = 24070C199DEBD27E72FCA1A3 /* Pods_garage_sensor.framework */; };
		EB19BBE922CD33CE0051A0A5 /* SensorInfoVC.swift in Sources */ = {isa = PBXBuildFile; fileRef = EB19BBE822CD33CE0051A0A5 /* SensorInfoVC.swift */; };
		EB19BBEC22CD35EA0051A0A5 /* SensorInfoCell.swift in Sources */ = {isa = PBXBuildFile; fileRef = EB19BBEB22CD35EA0051A0A5 /* SensorInfoCell.swift */; };
		EB730C4120846B370076B9B6 /* StandardModalVC.swift in Sources */ = {isa = PBXBuildFile; fileRef = EB730C4020846B370076B9B6 /* StandardModalVC.swift */; };
		EB76B047207C929500EA8B9C /* UIEffects.swift in Sources */ = {isa = PBXBuildFile; fileRef = EB76B046207C929500EA8B9C /* UIEffects.swift */; };
		EB76B04A207CAFEE00EA8B9C /* GDUtilities.swift in Sources */ = {isa = PBXBuildFile; fileRef = EB76B049207CAFEE00EA8B9C /* GDUtilities.swift */; };
		EB76B04F207D24FA00EA8B9C /* StaticStateVC.swift in Sources */ = {isa = PBXBuildFile; fileRef = EB76B04E207D24FA00EA8B9C /* StaticStateVC.swift */; };
		EB76B051207D251100EA8B9C /* TransientStateVC.swift in Sources */ = {isa = PBXBuildFile; fileRef = EB76B050207D251100EA8B9C /* TransientStateVC.swift */; };
		EB76B053207D335900EA8B9C /* GDoorModel.swift in Sources */ = {isa = PBXBuildFile; fileRef = EB76B052207D335900EA8B9C /* GDoorModel.swift */; };
		EB869EA222C809FF008E4455 /* ModalWithConfirmVC.swift in Sources */ = {isa = PBXBuildFile; fileRef = EB869EA122C809FF008E4455 /* ModalWithConfirmVC.swift */; };
		EB90921422C674B90057DCAE /* GDoorPubSub.swift in Sources */ = {isa = PBXBuildFile; fileRef = EB90921322C674B90057DCAE /* GDoorPubSub.swift */; };
		EBBDBBD3229E1B9A00A28E5E /* GDoorAPI.swift in Sources */ = {isa = PBXBuildFile; fileRef = EBBDBBD2229E1B9A00A28E5E /* GDoorAPI.swift */; };
		EBBDBBD6229E2B4E00A28E5E /* DevEnv.swift in Sources */ = {isa = PBXBuildFile; fileRef = EBBDBBD5229E2B4E00A28E5E /* DevEnv.swift */; };
		EBBDBBD8229E2B5C00A28E5E /* ProdEnv.swift in Sources */ = {isa = PBXBuildFile; fileRef = EBBDBBD7229E2B5C00A28E5E /* ProdEnv.swift */; };
		EBBDBBDA229E2B6800A28E5E /* Env.swift in Sources */ = {isa = PBXBuildFile; fileRef = EBBDBBD9229E2B6800A28E5E /* Env.swift */; };
		EBC6AA8B207B8C6E000F41D6 /* AppDelegate.swift in Sources */ = {isa = PBXBuildFile; fileRef = EBC6AA8A207B8C6E000F41D6 /* AppDelegate.swift */; };
		EBC6AA94207B8C6E000F41D6 /* Main.storyboard in Resources */ = {isa = PBXBuildFile; fileRef = EBC6AA92207B8C6E000F41D6 /* Main.storyboard */; };
		EBC6AA96207B8C6E000F41D6 /* Assets.xcassets in Resources */ = {isa = PBXBuildFile; fileRef = EBC6AA95207B8C6E000F41D6 /* Assets.xcassets */; };
		EBC6AA99207B8C6E000F41D6 /* LaunchScreen.storyboard in Resources */ = {isa = PBXBuildFile; fileRef = EBC6AA97207B8C6E000F41D6 /* LaunchScreen.storyboard */; };
		EBC6AAAB207BA316000F41D6 /* HelveticaNeue-Light.otf in Resources */ = {isa = PBXBuildFile; fileRef = EBC6AAAA207BA316000F41D6 /* HelveticaNeue-Light.otf */; };
		EBC6AAAF207BB3AE000F41D6 /* DoorControllerVC.swift in Sources */ = {isa = PBXBuildFile; fileRef = EBC6AAAE207BB3AE000F41D6 /* DoorControllerVC.swift */; };
		EBC6AAB3207BC402000F41D6 /* GDoorUser.swift in Sources */ = {isa = PBXBuildFile; fileRef = EBC6AAB2207BC402000F41D6 /* GDoorUser.swift */; };
		EBC6AAB5207BC97C000F41D6 /* Onboarding.storyboard in Resources */ = {isa = PBXBuildFile; fileRef = EBC6AAB4207BC97C000F41D6 /* Onboarding.storyboard */; };
		EBC6AAB8207BC9AF000F41D6 /* SignUpVC.swift in Sources */ = {isa = PBXBuildFile; fileRef = EBC6AAB7207BC9AF000F41D6 /* SignUpVC.swift */; };
		EBC6AABB207BCF46000F41D6 /* TextEntryCell.swift in Sources */ = {isa = PBXBuildFile; fileRef = EBC6AABA207BCF46000F41D6 /* TextEntryCell.swift */; };
		EBC6AABD207BCF5A000F41D6 /* InfoTextCell.swift in Sources */ = {isa = PBXBuildFile; fileRef = EBC6AABC207BCF5A000F41D6 /* InfoTextCell.swift */; };
		EBC8F72822AE9E3600E60946 /* AddSensor.storyboard in Resources */ = {isa = PBXBuildFile; fileRef = EBC8F72722AE9E3600E60946 /* AddSensor.storyboard */; };
		EBC8F72B22AE9FAA00E60946 /* LocalWiFiConnectVC.swift in Sources */ = {isa = PBXBuildFile; fileRef = EBC8F72A22AE9FAA00E60946 /* LocalWiFiConnectVC.swift */; };
		EBC8F72D22AEA39300E60946 /* AddSensorIntroVC.swift in Sources */ = {isa = PBXBuildFile; fileRef = EBC8F72C22AEA39300E60946 /* AddSensorIntroVC.swift */; };
		EBC8F72F22AEA3AA00E60946 /* PrepSensorVC.swift in Sources */ = {isa = PBXBuildFile; fileRef = EBC8F72E22AEA3AA00E60946 /* PrepSensorVC.swift */; };
		EBC8F73122AEA3C200E60946 /* InitializeSensorVC.swift in Sources */ = {isa = PBXBuildFile; fileRef = EBC8F73022AEA3C200E60946 /* InitializeSensorVC.swift */; };
		EBC8F73322AEA3DD00E60946 /* SensorInitializingVC.swift in Sources */ = {isa = PBXBuildFile; fileRef = EBC8F73222AEA3DD00E60946 /* SensorInitializingVC.swift */; };
		EBC8F73622AF1B2F00E60946 /* GDoorSensorAPI.swift in Sources */ = {isa = PBXBuildFile; fileRef = EBC8F73522AF1B2F00E60946 /* GDoorSensorAPI.swift */; };
		EBD8B25A22B03C11001D6DE5 /* Reachability.swift in Sources */ = {isa = PBXBuildFile; fileRef = EBD8B25922B03C11001D6DE5 /* Reachability.swift */; };
		EBD9CD0B229EF3CA002B6E90 /* FormTypeSelectorCell.swift in Sources */ = {isa = PBXBuildFile; fileRef = EBD9CD0A229EF3CA002B6E90 /* FormTypeSelectorCell.swift */; };
/* End PBXBuildFile section */

/* Begin PBXFileReference section */
		22AE0681C91A78DDFE6289B6 /* Pods-garage-sensor.release.xcconfig */ = {isa = PBXFileReference; includeInIndex = 1; lastKnownFileType = text.xcconfig; name = "Pods-garage-sensor.release.xcconfig"; path = "Pods/Target Support Files/Pods-garage-sensor/Pods-garage-sensor.release.xcconfig"; sourceTree = "<group>"; };
		24070C199DEBD27E72FCA1A3 /* Pods_garage_sensor.framework */ = {isa = PBXFileReference; explicitFileType = wrapper.framework; includeInIndex = 0; path = Pods_garage_sensor.framework; sourceTree = BUILT_PRODUCTS_DIR; };
		AE0E0F4CE265A630B0F91E1A /* Pods-garage-sensor.debug.xcconfig */ = {isa = PBXFileReference; includeInIndex = 1; lastKnownFileType = text.xcconfig; name = "Pods-garage-sensor.debug.xcconfig"; path = "Pods/Target Support Files/Pods-garage-sensor/Pods-garage-sensor.debug.xcconfig"; sourceTree = "<group>"; };
		EB19BBE822CD33CE0051A0A5 /* SensorInfoVC.swift */ = {isa = PBXFileReference; lastKnownFileType = sourcecode.swift; path = SensorInfoVC.swift; sourceTree = "<group>"; };
		EB19BBEB22CD35EA0051A0A5 /* SensorInfoCell.swift */ = {isa = PBXFileReference; lastKnownFileType = sourcecode.swift; path = SensorInfoCell.swift; sourceTree = "<group>"; };
		EB730C4020846B370076B9B6 /* StandardModalVC.swift */ = {isa = PBXFileReference; lastKnownFileType = sourcecode.swift; path = StandardModalVC.swift; sourceTree = "<group>"; };
		EB76B046207C929500EA8B9C /* UIEffects.swift */ = {isa = PBXFileReference; lastKnownFileType = sourcecode.swift; path = UIEffects.swift; sourceTree = "<group>"; };
		EB76B049207CAFEE00EA8B9C /* GDUtilities.swift */ = {isa = PBXFileReference; lastKnownFileType = sourcecode.swift; path = GDUtilities.swift; sourceTree = "<group>"; };
		EB76B04E207D24FA00EA8B9C /* StaticStateVC.swift */ = {isa = PBXFileReference; lastKnownFileType = sourcecode.swift; path = StaticStateVC.swift; sourceTree = "<group>"; };
		EB76B050207D251100EA8B9C /* TransientStateVC.swift */ = {isa = PBXFileReference; lastKnownFileType = sourcecode.swift; path = TransientStateVC.swift; sourceTree = "<group>"; };
		EB76B052207D335900EA8B9C /* GDoorModel.swift */ = {isa = PBXFileReference; lastKnownFileType = sourcecode.swift; path = GDoorModel.swift; sourceTree = "<group>"; };
		EB869EA122C809FF008E4455 /* ModalWithConfirmVC.swift */ = {isa = PBXFileReference; lastKnownFileType = sourcecode.swift; path = ModalWithConfirmVC.swift; sourceTree = "<group>"; };
		EB90921322C674B90057DCAE /* GDoorPubSub.swift */ = {isa = PBXFileReference; lastKnownFileType = sourcecode.swift; path = GDoorPubSub.swift; sourceTree = "<group>"; };
		EBBDBBD2229E1B9A00A28E5E /* GDoorAPI.swift */ = {isa = PBXFileReference; lastKnownFileType = sourcecode.swift; path = GDoorAPI.swift; sourceTree = "<group>"; };
		EBBDBBD5229E2B4E00A28E5E /* DevEnv.swift */ = {isa = PBXFileReference; lastKnownFileType = sourcecode.swift; path = DevEnv.swift; sourceTree = "<group>"; };
		EBBDBBD7229E2B5C00A28E5E /* ProdEnv.swift */ = {isa = PBXFileReference; lastKnownFileType = sourcecode.swift; path = ProdEnv.swift; sourceTree = "<group>"; };
		EBBDBBD9229E2B6800A28E5E /* Env.swift */ = {isa = PBXFileReference; lastKnownFileType = sourcecode.swift; path = Env.swift; sourceTree = "<group>"; };
		EBC6AA87207B8C6E000F41D6 /* garage-sensor.app */ = {isa = PBXFileReference; explicitFileType = wrapper.application; includeInIndex = 0; path = "garage-sensor.app"; sourceTree = BUILT_PRODUCTS_DIR; };
		EBC6AA8A207B8C6E000F41D6 /* AppDelegate.swift */ = {isa = PBXFileReference; lastKnownFileType = sourcecode.swift; path = AppDelegate.swift; sourceTree = "<group>"; };
		EBC6AA93207B8C6E000F41D6 /* Base */ = {isa = PBXFileReference; lastKnownFileType = file.storyboard; name = Base; path = Base.lproj/Main.storyboard; sourceTree = "<group>"; };
		EBC6AA95207B8C6E000F41D6 /* Assets.xcassets */ = {isa = PBXFileReference; lastKnownFileType = folder.assetcatalog; path = Assets.xcassets; sourceTree = "<group>"; };
		EBC6AA98207B8C6E000F41D6 /* Base */ = {isa = PBXFileReference; lastKnownFileType = file.storyboard; name = Base; path = Base.lproj/LaunchScreen.storyboard; sourceTree = "<group>"; };
		EBC6AA9A207B8C6E000F41D6 /* Info.plist */ = {isa = PBXFileReference; lastKnownFileType = text.plist.xml; path = Info.plist; sourceTree = "<group>"; };
		EBC6AAAA207BA316000F41D6 /* HelveticaNeue-Light.otf */ = {isa = PBXFileReference; lastKnownFileType = file; path = "HelveticaNeue-Light.otf"; sourceTree = "<group>"; };
		EBC6AAAE207BB3AE000F41D6 /* DoorControllerVC.swift */ = {isa = PBXFileReference; lastKnownFileType = sourcecode.swift; path = DoorControllerVC.swift; sourceTree = "<group>"; };
		EBC6AAB2207BC402000F41D6 /* GDoorUser.swift */ = {isa = PBXFileReference; lastKnownFileType = sourcecode.swift; path = GDoorUser.swift; sourceTree = "<group>"; };
		EBC6AAB4207BC97C000F41D6 /* Onboarding.storyboard */ = {isa = PBXFileReference; lastKnownFileType = file.storyboard; path = Onboarding.storyboard; sourceTree = "<group>"; };
		EBC6AAB7207BC9AF000F41D6 /* SignUpVC.swift */ = {isa = PBXFileReference; lastKnownFileType = sourcecode.swift; path = SignUpVC.swift; sourceTree = "<group>"; };
		EBC6AABA207BCF46000F41D6 /* TextEntryCell.swift */ = {isa = PBXFileReference; lastKnownFileType = sourcecode.swift; path = TextEntryCell.swift; sourceTree = "<group>"; };
		EBC6AABC207BCF5A000F41D6 /* InfoTextCell.swift */ = {isa = PBXFileReference; lastKnownFileType = sourcecode.swift; path = InfoTextCell.swift; sourceTree = "<group>"; };
		EBC8F72722AE9E3600E60946 /* AddSensor.storyboard */ = {isa = PBXFileReference; lastKnownFileType = file.storyboard; path = AddSensor.storyboard; sourceTree = "<group>"; };
		EBC8F72A22AE9FAA00E60946 /* LocalWiFiConnectVC.swift */ = {isa = PBXFileReference; lastKnownFileType = sourcecode.swift; path = LocalWiFiConnectVC.swift; sourceTree = "<group>"; };
		EBC8F72C22AEA39300E60946 /* AddSensorIntroVC.swift */ = {isa = PBXFileReference; lastKnownFileType = sourcecode.swift; path = AddSensorIntroVC.swift; sourceTree = "<group>"; };
		EBC8F72E22AEA3AA00E60946 /* PrepSensorVC.swift */ = {isa = PBXFileReference; lastKnownFileType = sourcecode.swift; path = PrepSensorVC.swift; sourceTree = "<group>"; };
		EBC8F73022AEA3C200E60946 /* InitializeSensorVC.swift */ = {isa = PBXFileReference; lastKnownFileType = sourcecode.swift; path = InitializeSensorVC.swift; sourceTree = "<group>"; };
		EBC8F73222AEA3DD00E60946 /* SensorInitializingVC.swift */ = {isa = PBXFileReference; lastKnownFileType = sourcecode.swift; path = SensorInitializingVC.swift; sourceTree = "<group>"; };
		EBC8F73422AEF76900E60946 /* garage-sensor.entitlements */ = {isa = PBXFileReference; lastKnownFileType = text.plist.entitlements; path = "garage-sensor.entitlements"; sourceTree = "<group>"; };
		EBC8F73522AF1B2F00E60946 /* GDoorSensorAPI.swift */ = {isa = PBXFileReference; lastKnownFileType = sourcecode.swift; path = GDoorSensorAPI.swift; sourceTree = "<group>"; };
		EBD8B25922B03C11001D6DE5 /* Reachability.swift */ = {isa = PBXFileReference; lastKnownFileType = sourcecode.swift; path = Reachability.swift; sourceTree = "<group>"; };
		EBD9CD0A229EF3CA002B6E90 /* FormTypeSelectorCell.swift */ = {isa = PBXFileReference; lastKnownFileType = sourcecode.swift; path = FormTypeSelectorCell.swift; sourceTree = "<group>"; };
/* End PBXFileReference section */

/* Begin PBXFrameworksBuildPhase section */
		EBC6AA84207B8C6E000F41D6 /* Frameworks */ = {
			isa = PBXFrameworksBuildPhase;
			buildActionMask = 2147483647;
			files = (
				A9B50E8D84F8AC9283258828 /* Pods_garage_sensor.framework in Frameworks */,
			);
			runOnlyForDeploymentPostprocessing = 0;
		};
/* End PBXFrameworksBuildPhase section */

/* Begin PBXGroup section */
		4C7869914B1D0FC2456D5C8D /* Pods */ = {
			isa = PBXGroup;
			children = (
				AE0E0F4CE265A630B0F91E1A /* Pods-garage-sensor.debug.xcconfig */,
				22AE0681C91A78DDFE6289B6 /* Pods-garage-sensor.release.xcconfig */,
			);
			name = Pods;
			sourceTree = "<group>";
		};
		6E6F54D746F4E23497E60453 /* Frameworks */ = {
			isa = PBXGroup;
			children = (
				24070C199DEBD27E72FCA1A3 /* Pods_garage_sensor.framework */,
			);
			name = Frameworks;
			sourceTree = "<group>";
		};
		EB19BBEA22CD35990051A0A5 /* component-vcs */ = {
			isa = PBXGroup;
			children = (
				EB19BBEB22CD35EA0051A0A5 /* SensorInfoCell.swift */,
			);
			path = "component-vcs";
			sourceTree = "<group>";
		};
		EB76B045207C91F400EA8B9C /* misc */ = {
			isa = PBXGroup;
			children = (
				EB76B046207C929500EA8B9C /* UIEffects.swift */,
			);
			path = misc;
			sourceTree = "<group>";
		};
		EB76B048207CAFD600EA8B9C /* utilities */ = {
			isa = PBXGroup;
			children = (
				EB76B049207CAFEE00EA8B9C /* GDUtilities.swift */,
				EBD8B25922B03C11001D6DE5 /* Reachability.swift */,
			);
			path = utilities;
			sourceTree = "<group>";
		};
		EB76B04D207D14AB00EA8B9C /* door-state-vcs */ = {
			isa = PBXGroup;
			children = (
				EB76B04E207D24FA00EA8B9C /* StaticStateVC.swift */,
				EB76B050207D251100EA8B9C /* TransientStateVC.swift */,
			);
			path = "door-state-vcs";
			sourceTree = "<group>";
		};
		EBBDBBD4229E29F200A28E5E /* config */ = {
			isa = PBXGroup;
			children = (
				EBBDBBD5229E2B4E00A28E5E /* DevEnv.swift */,
				EBBDBBD7229E2B5C00A28E5E /* ProdEnv.swift */,
				EBBDBBD9229E2B6800A28E5E /* Env.swift */,
			);
			path = config;
			sourceTree = "<group>";
		};
		EBC6AA7E207B8C6E000F41D6 = {
			isa = PBXGroup;
			children = (
				EBC6AA89207B8C6E000F41D6 /* garage-sensor */,
				EBC6AA88207B8C6E000F41D6 /* Products */,
				4C7869914B1D0FC2456D5C8D /* Pods */,
				6E6F54D746F4E23497E60453 /* Frameworks */,
			);
			sourceTree = "<group>";
		};
		EBC6AA88207B8C6E000F41D6 /* Products */ = {
			isa = PBXGroup;
			children = (
				EBC6AA87207B8C6E000F41D6 /* garage-sensor.app */,
			);
			name = Products;
			sourceTree = "<group>";
		};
		EBC6AA89207B8C6E000F41D6 /* garage-sensor */ = {
			isa = PBXGroup;
			children = (
				EBC8F73422AEF76900E60946 /* garage-sensor.entitlements */,
				EBBDBBD4229E29F200A28E5E /* config */,
				EB76B048207CAFD600EA8B9C /* utilities */,
				EBC6AAA2207B8D34000F41D6 /* data-models */,
				EBC6AAA1207B8D05000F41D6 /* networking */,
				EBC6AAA0207B8CBF000F41D6 /* view-controllers */,
				EBC6AAAC207BA503000F41D6 /* storyboards */,
				EBC6AA8A207B8C6E000F41D6 /* AppDelegate.swift */,
				EBC6AA95207B8C6E000F41D6 /* Assets.xcassets */,
				EBC6AA9A207B8C6E000F41D6 /* Info.plist */,
				EBC6AAA6207BA272000F41D6 /* fonts */,
			);
			path = "garage-sensor";
			sourceTree = "<group>";
		};
		EBC6AAA0207B8CBF000F41D6 /* view-controllers */ = {
			isa = PBXGroup;
			children = (
				EBC8F72922AE9EF500E60946 /* add-sensor */,
				EBE3BDFF2083BFDC00967EE7 /* modals */,
				EBC6AAB6207BC992000F41D6 /* onboarding */,
				EBC6AAAD207BB37E000F41D6 /* main-vcs */,
				EB76B045207C91F400EA8B9C /* misc */,
			);
			path = "view-controllers";
			sourceTree = "<group>";
		};
		EBC6AAA1207B8D05000F41D6 /* networking */ = {
			isa = PBXGroup;
			children = (
				EBBDBBD2229E1B9A00A28E5E /* GDoorAPI.swift */,
				EBC8F73522AF1B2F00E60946 /* GDoorSensorAPI.swift */,
				EB90921322C674B90057DCAE /* GDoorPubSub.swift */,
			);
			path = networking;
			sourceTree = "<group>";
		};
		EBC6AAA2207B8D34000F41D6 /* data-models */ = {
			isa = PBXGroup;
			children = (
				EBC6AAB2207BC402000F41D6 /* GDoorUser.swift */,
				EB76B052207D335900EA8B9C /* GDoorModel.swift */,
			);
			path = "data-models";
			sourceTree = "<group>";
		};
		EBC6AAA6207BA272000F41D6 /* fonts */ = {
			isa = PBXGroup;
			children = (
				EBC6AAA7207BA2AC000F41D6 /* helvetica-neue */,
			);
			path = fonts;
			sourceTree = "<group>";
		};
		EBC6AAA7207BA2AC000F41D6 /* helvetica-neue */ = {
			isa = PBXGroup;
			children = (
				EBC6AAAA207BA316000F41D6 /* HelveticaNeue-Light.otf */,
			);
			path = "helvetica-neue";
			sourceTree = "<group>";
		};
		EBC6AAAC207BA503000F41D6 /* storyboards */ = {
			isa = PBXGroup;
			children = (
				EBC6AA92207B8C6E000F41D6 /* Main.storyboard */,
				EBC6AA97207B8C6E000F41D6 /* LaunchScreen.storyboard */,
				EBC6AAB4207BC97C000F41D6 /* Onboarding.storyboard */,
				EBC8F72722AE9E3600E60946 /* AddSensor.storyboard */,
			);
			path = storyboards;
			sourceTree = "<group>";
		};
		EBC6AAAD207BB37E000F41D6 /* main-vcs */ = {
			isa = PBXGroup;
			children = (
				EB19BBEA22CD35990051A0A5 /* component-vcs */,
				EB76B04D207D14AB00EA8B9C /* door-state-vcs */,
				EBC6AAAE207BB3AE000F41D6 /* DoorControllerVC.swift */,
				EB19BBE822CD33CE0051A0A5 /* SensorInfoVC.swift */,
			);
			path = "main-vcs";
			sourceTree = "<group>";
		};
		EBC6AAB6207BC992000F41D6 /* onboarding */ = {
			isa = PBXGroup;
			children = (
				EBC6AAB9207BCF28000F41D6 /* signup-cells */,
				EBC6AAB7207BC9AF000F41D6 /* SignUpVC.swift */,
			);
			path = onboarding;
			sourceTree = "<group>";
		};
		EBC6AAB9207BCF28000F41D6 /* signup-cells */ = {
			isa = PBXGroup;
			children = (
				EBC6AABA207BCF46000F41D6 /* TextEntryCell.swift */,
				EBC6AABC207BCF5A000F41D6 /* InfoTextCell.swift */,
				EBD9CD0A229EF3CA002B6E90 /* FormTypeSelectorCell.swift */,
			);
			path = "signup-cells";
			sourceTree = "<group>";
		};
		EBC8F72922AE9EF500E60946 /* add-sensor */ = {
			isa = PBXGroup;
			children = (
				EBC8F72C22AEA39300E60946 /* AddSensorIntroVC.swift */,
				EBC8F72E22AEA3AA00E60946 /* PrepSensorVC.swift */,
				EBC8F72A22AE9FAA00E60946 /* LocalWiFiConnectVC.swift */,
				EBC8F73022AEA3C200E60946 /* InitializeSensorVC.swift */,
				EBC8F73222AEA3DD00E60946 /* SensorInitializingVC.swift */,
			);
			path = "add-sensor";
			sourceTree = "<group>";
		};
		EBE3BDFF2083BFDC00967EE7 /* modals */ = {
			isa = PBXGroup;
			children = (
				EB730C4020846B370076B9B6 /* StandardModalVC.swift */,
				EB869EA122C809FF008E4455 /* ModalWithConfirmVC.swift */,
			);
			path = modals;
			sourceTree = "<group>";
		};
/* End PBXGroup section */

/* Begin PBXNativeTarget section */
		EBC6AA86207B8C6E000F41D6 /* garage-sensor */ = {
			isa = PBXNativeTarget;
			buildConfigurationList = EBC6AA9D207B8C6E000F41D6 /* Build configuration list for PBXNativeTarget "garage-sensor" */;
			buildPhases = (
				84A607048F7DBEFD1694E677 /* [CP] Check Pods Manifest.lock */,
				EBC6AA83207B8C6E000F41D6 /* Sources */,
				EBC6AA84207B8C6E000F41D6 /* Frameworks */,
				EBC6AA85207B8C6E000F41D6 /* Resources */,
				878A680C33BCD3DCE0BDA355 /* [CP] Embed Pods Frameworks */,
			);
			buildRules = (
			);
			dependencies = (
			);
			name = "garage-sensor";
			productName = "garage-sensor";
			productReference = EBC6AA87207B8C6E000F41D6 /* garage-sensor.app */;
			productType = "com.apple.product-type.application";
		};
/* End PBXNativeTarget section */

/* Begin PBXProject section */
		EBC6AA7F207B8C6E000F41D6 /* Project object */ = {
			isa = PBXProject;
			attributes = {
				LastSwiftUpdateCheck = 0910;
				LastUpgradeCheck = 0930;
				ORGANIZATIONNAME = "IoT South Africa";
				TargetAttributes = {
					EBC6AA86207B8C6E000F41D6 = {
						CreatedOnToolsVersion = 9.1;
						ProvisioningStyle = Automatic;
						SystemCapabilities = {
							com.apple.AccessWiFi = {
								enabled = 1;
							};
						};
					};
				};
			};
			buildConfigurationList = EBC6AA82207B8C6E000F41D6 /* Build configuration list for PBXProject "garage-sensor" */;
			compatibilityVersion = "Xcode 8.0";
			developmentRegion = en;
			hasScannedForEncodings = 0;
			knownRegions = (
				en,
				Base,
			);
			mainGroup = EBC6AA7E207B8C6E000F41D6;
			productRefGroup = EBC6AA88207B8C6E000F41D6 /* Products */;
			projectDirPath = "";
			projectRoot = "";
			targets = (
				EBC6AA86207B8C6E000F41D6 /* garage-sensor */,
			);
		};
/* End PBXProject section */

/* Begin PBXResourcesBuildPhase section */
		EBC6AA85207B8C6E000F41D6 /* Resources */ = {
			isa = PBXResourcesBuildPhase;
			buildActionMask = 2147483647;
			files = (
				EBC8F72822AE9E3600E60946 /* AddSensor.storyboard in Resources */,
				EBC6AA99207B8C6E000F41D6 /* LaunchScreen.storyboard in Resources */,
				EBC6AA96207B8C6E000F41D6 /* Assets.xcassets in Resources */,
				EBC6AAB5207BC97C000F41D6 /* Onboarding.storyboard in Resources */,
				EBC6AA94207B8C6E000F41D6 /* Main.storyboard in Resources */,
				EBC6AAAB207BA316000F41D6 /* HelveticaNeue-Light.otf in Resources */,
			);
			runOnlyForDeploymentPostprocessing = 0;
		};
/* End PBXResourcesBuildPhase section */

/* Begin PBXShellScriptBuildPhase section */
		84A607048F7DBEFD1694E677 /* [CP] Check Pods Manifest.lock */ = {
			isa = PBXShellScriptBuildPhase;
			buildActionMask = 2147483647;
			files = (
			);
			inputPaths = (
				"${PODS_PODFILE_DIR_PATH}/Podfile.lock",
				"${PODS_ROOT}/Manifest.lock",
			);
			name = "[CP] Check Pods Manifest.lock";
			outputPaths = (
				"$(DERIVED_FILE_DIR)/Pods-garage-sensor-checkManifestLockResult.txt",
			);
			runOnlyForDeploymentPostprocessing = 0;
			shellPath = /bin/sh;
			shellScript = "diff \"${PODS_PODFILE_DIR_PATH}/Podfile.lock\" \"${PODS_ROOT}/Manifest.lock\" > /dev/null\nif [ $? != 0 ] ; then\n    # print error to STDERR\n    echo \"error: The sandbox is not in sync with the Podfile.lock. Run 'pod install' or update your CocoaPods installation.\" >&2\n    exit 1\nfi\n# This output is used by Xcode 'outputs' to avoid re-running this script phase.\necho \"SUCCESS\" > \"${SCRIPT_OUTPUT_FILE_0}\"\n";
			showEnvVarsInLog = 0;
		};
		878A680C33BCD3DCE0BDA355 /* [CP] Embed Pods Frameworks */ = {
			isa = PBXShellScriptBuildPhase;
			buildActionMask = 2147483647;
			files = (
			);
			inputPaths = (
				"${PODS_ROOT}/Target Support Files/Pods-garage-sensor/Pods-garage-sensor-frameworks.sh",
				"${BUILT_PRODUCTS_DIR}/AWSCore/AWSCore.framework",
				"${BUILT_PRODUCTS_DIR}/AWSIoT/AWSIoT.framework",
				"${BUILT_PRODUCTS_DIR}/AwaitKit/AwaitKit.framework",
				"${BUILT_PRODUCTS_DIR}/PromiseKit/PromiseKit.framework",
			);
			name = "[CP] Embed Pods Frameworks";
			outputPaths = (
				"${TARGET_BUILD_DIR}/${FRAMEWORKS_FOLDER_PATH}/AWSCore.framework",
				"${TARGET_BUILD_DIR}/${FRAMEWORKS_FOLDER_PATH}/AWSIoT.framework",
				"${TARGET_BUILD_DIR}/${FRAMEWORKS_FOLDER_PATH}/AwaitKit.framework",
				"${TARGET_BUILD_DIR}/${FRAMEWORKS_FOLDER_PATH}/PromiseKit.framework",
			);
			runOnlyForDeploymentPostprocessing = 0;
			shellPath = /bin/sh;
			shellScript = "\"${PODS_ROOT}/Target Support Files/Pods-garage-sensor/Pods-garage-sensor-frameworks.sh\"\n";
			showEnvVarsInLog = 0;
		};
/* End PBXShellScriptBuildPhase section */

/* Begin PBXSourcesBuildPhase section */
		EBC6AA83207B8C6E000F41D6 /* Sources */ = {
			isa = PBXSourcesBuildPhase;
			buildActionMask = 2147483647;
			files = (
				EBC6AAB3207BC402000F41D6 /* GDoorUser.swift in Sources */,
				EB730C4120846B370076B9B6 /* StandardModalVC.swift in Sources */,
				EBC8F73122AEA3C200E60946 /* InitializeSensorVC.swift in Sources */,
				EB76B051207D251100EA8B9C /* TransientStateVC.swift in Sources */,
				EBBDBBD6229E2B4E00A28E5E /* DevEnv.swift in Sources */,
				EB19BBEC22CD35EA0051A0A5 /* SensorInfoCell.swift in Sources */,
				EBC8F72B22AE9FAA00E60946 /* LocalWiFiConnectVC.swift in Sources */,
				EBD9CD0B229EF3CA002B6E90 /* FormTypeSelectorCell.swift in Sources */,
				EBBDBBD8229E2B5C00A28E5E /* ProdEnv.swift in Sources */,
				EB76B04A207CAFEE00EA8B9C /* GDUtilities.swift in Sources */,
				EBC6AABB207BCF46000F41D6 /* TextEntryCell.swift in Sources */,
				EB76B047207C929500EA8B9C /* UIEffects.swift in Sources */,
				EBC8F72F22AEA3AA00E60946 /* PrepSensorVC.swift in Sources */,
				EBC6AAAF207BB3AE000F41D6 /* DoorControllerVC.swift in Sources */,
				EBBDBBDA229E2B6800A28E5E /* Env.swift in Sources */,
				EBD8B25A22B03C11001D6DE5 /* Reachability.swift in Sources */,
				EB869EA222C809FF008E4455 /* ModalWithConfirmVC.swift in Sources */,
				EB19BBE922CD33CE0051A0A5 /* SensorInfoVC.swift in Sources */,
				EB76B04F207D24FA00EA8B9C /* StaticStateVC.swift in Sources */,
				EBC6AAB8207BC9AF000F41D6 /* SignUpVC.swift in Sources */,
				EB90921422C674B90057DCAE /* GDoorPubSub.swift in Sources */,
				EBC6AABD207BCF5A000F41D6 /* InfoTextCell.swift in Sources */,
				EBC8F73322AEA3DD00E60946 /* SensorInitializingVC.swift in Sources */,
				EBC8F73622AF1B2F00E60946 /* GDoorSensorAPI.swift in Sources */,
				EBC6AA8B207B8C6E000F41D6 /* AppDelegate.swift in Sources */,
				EBBDBBD3229E1B9A00A28E5E /* GDoorAPI.swift in Sources */,
				EB76B053207D335900EA8B9C /* GDoorModel.swift in Sources */,
				EBC8F72D22AEA39300E60946 /* AddSensorIntroVC.swift in Sources */,
			);
			runOnlyForDeploymentPostprocessing = 0;
		};
/* End PBXSourcesBuildPhase section */

/* Begin PBXVariantGroup section */
		EBC6AA92207B8C6E000F41D6 /* Main.storyboard */ = {
			isa = PBXVariantGroup;
			children = (
				EBC6AA93207B8C6E000F41D6 /* Base */,
			);
			name = Main.storyboard;
			sourceTree = "<group>";
		};
		EBC6AA97207B8C6E000F41D6 /* LaunchScreen.storyboard */ = {
			isa = PBXVariantGroup;
			children = (
				EBC6AA98207B8C6E000F41D6 /* Base */,
			);
			name = LaunchScreen.storyboard;
			sourceTree = "<group>";
		};
/* End PBXVariantGroup section */

/* Begin XCBuildConfiguration section */
		EBC6AA9B207B8C6E000F41D6 /* Debug */ = {
			isa = XCBuildConfiguration;
			buildSettings = {
				ALWAYS_SEARCH_USER_PATHS = NO;
				CLANG_ANALYZER_NONNULL = YES;
				CLANG_ANALYZER_NUMBER_OBJECT_CONVERSION = YES_AGGRESSIVE;
				CLANG_CXX_LANGUAGE_STANDARD = "gnu++14";
				CLANG_CXX_LIBRARY = "libc++";
				CLANG_ENABLE_MODULES = YES;
				CLANG_ENABLE_OBJC_ARC = YES;
				CLANG_WARN_BLOCK_CAPTURE_AUTORELEASING = YES;
				CLANG_WARN_BOOL_CONVERSION = YES;
				CLANG_WARN_COMMA = YES;
				CLANG_WARN_CONSTANT_CONVERSION = YES;
				CLANG_WARN_DEPRECATED_OBJC_IMPLEMENTATIONS = YES;
				CLANG_WARN_DIRECT_OBJC_ISA_USAGE = YES_ERROR;
				CLANG_WARN_DOCUMENTATION_COMMENTS = YES;
				CLANG_WARN_EMPTY_BODY = YES;
				CLANG_WARN_ENUM_CONVERSION = YES;
				CLANG_WARN_INFINITE_RECURSION = YES;
				CLANG_WARN_INT_CONVERSION = YES;
				CLANG_WARN_NON_LITERAL_NULL_CONVERSION = YES;
				CLANG_WARN_OBJC_IMPLICIT_RETAIN_SELF = YES;
				CLANG_WARN_OBJC_LITERAL_CONVERSION = YES;
				CLANG_WARN_OBJC_ROOT_CLASS = YES_ERROR;
				CLANG_WARN_RANGE_LOOP_ANALYSIS = YES;
				CLANG_WARN_STRICT_PROTOTYPES = YES;
				CLANG_WARN_SUSPICIOUS_MOVE = YES;
				CLANG_WARN_UNGUARDED_AVAILABILITY = YES_AGGRESSIVE;
				CLANG_WARN_UNREACHABLE_CODE = YES;
				CLANG_WARN__DUPLICATE_METHOD_MATCH = YES;
				CODE_SIGN_IDENTITY = "iPhone Developer";
				COPY_PHASE_STRIP = NO;
				DEBUG_INFORMATION_FORMAT = dwarf;
				ENABLE_STRICT_OBJC_MSGSEND = YES;
				ENABLE_TESTABILITY = YES;
				GCC_C_LANGUAGE_STANDARD = gnu11;
				GCC_DYNAMIC_NO_PIC = NO;
				GCC_NO_COMMON_BLOCKS = YES;
				GCC_OPTIMIZATION_LEVEL = 0;
				GCC_PREPROCESSOR_DEFINITIONS = (
					"DEBUG=1",
					"$(inherited)",
				);
				GCC_WARN_64_TO_32_BIT_CONVERSION = YES;
				GCC_WARN_ABOUT_RETURN_TYPE = YES_ERROR;
				GCC_WARN_UNDECLARED_SELECTOR = YES;
				GCC_WARN_UNINITIALIZED_AUTOS = YES_AGGRESSIVE;
				GCC_WARN_UNUSED_FUNCTION = YES;
				GCC_WARN_UNUSED_VARIABLE = YES;
				IPHONEOS_DEPLOYMENT_TARGET = 10.0;
				MTL_ENABLE_DEBUG_INFO = YES;
				ONLY_ACTIVE_ARCH = YES;
				SDKROOT = iphoneos;
				SWIFT_ACTIVE_COMPILATION_CONDITIONS = DEBUG;
				SWIFT_OPTIMIZATION_LEVEL = "-Onone";
			};
			name = Debug;
		};
		EBC6AA9C207B8C6E000F41D6 /* Release */ = {
			isa = XCBuildConfiguration;
			buildSettings = {
				ALWAYS_SEARCH_USER_PATHS = NO;
				CLANG_ANALYZER_NONNULL = YES;
				CLANG_ANALYZER_NUMBER_OBJECT_CONVERSION = YES_AGGRESSIVE;
				CLANG_CXX_LANGUAGE_STANDARD = "gnu++14";
				CLANG_CXX_LIBRARY = "libc++";
				CLANG_ENABLE_MODULES = YES;
				CLANG_ENABLE_OBJC_ARC = YES;
				CLANG_WARN_BLOCK_CAPTURE_AUTORELEASING = YES;
				CLANG_WARN_BOOL_CONVERSION = YES;
				CLANG_WARN_COMMA = YES;
				CLANG_WARN_CONSTANT_CONVERSION = YES;
				CLANG_WARN_DEPRECATED_OBJC_IMPLEMENTATIONS = YES;
				CLANG_WARN_DIRECT_OBJC_ISA_USAGE = YES_ERROR;
				CLANG_WARN_DOCUMENTATION_COMMENTS = YES;
				CLANG_WARN_EMPTY_BODY = YES;
				CLANG_WARN_ENUM_CONVERSION = YES;
				CLANG_WARN_INFINITE_RECURSION = YES;
				CLANG_WARN_INT_CONVERSION = YES;
				CLANG_WARN_NON_LITERAL_NULL_CONVERSION = YES;
				CLANG_WARN_OBJC_IMPLICIT_RETAIN_SELF = YES;
				CLANG_WARN_OBJC_LITERAL_CONVERSION = YES;
				CLANG_WARN_OBJC_ROOT_CLASS = YES_ERROR;
				CLANG_WARN_RANGE_LOOP_ANALYSIS = YES;
				CLANG_WARN_STRICT_PROTOTYPES = YES;
				CLANG_WARN_SUSPICIOUS_MOVE = YES;
				CLANG_WARN_UNGUARDED_AVAILABILITY = YES_AGGRESSIVE;
				CLANG_WARN_UNREACHABLE_CODE = YES;
				CLANG_WARN__DUPLICATE_METHOD_MATCH = YES;
				CODE_SIGN_IDENTITY = "iPhone Developer";
				COPY_PHASE_STRIP = NO;
				DEBUG_INFORMATION_FORMAT = "dwarf-with-dsym";
				ENABLE_NS_ASSERTIONS = NO;
				ENABLE_STRICT_OBJC_MSGSEND = YES;
				GCC_C_LANGUAGE_STANDARD = gnu11;
				GCC_NO_COMMON_BLOCKS = YES;
				GCC_WARN_64_TO_32_BIT_CONVERSION = YES;
				GCC_WARN_ABOUT_RETURN_TYPE = YES_ERROR;
				GCC_WARN_UNDECLARED_SELECTOR = YES;
				GCC_WARN_UNINITIALIZED_AUTOS = YES_AGGRESSIVE;
				GCC_WARN_UNUSED_FUNCTION = YES;
				GCC_WARN_UNUSED_VARIABLE = YES;
				IPHONEOS_DEPLOYMENT_TARGET = 10.0;
				MTL_ENABLE_DEBUG_INFO = NO;
				SDKROOT = iphoneos;
				SWIFT_OPTIMIZATION_LEVEL = "-Owholemodule";
				VALIDATE_PRODUCT = YES;
			};
			name = Release;
		};
		EBC6AA9E207B8C6E000F41D6 /* Debug */ = {
			isa = XCBuildConfiguration;
			baseConfigurationReference = AE0E0F4CE265A630B0F91E1A /* Pods-garage-sensor.debug.xcconfig */;
			buildSettings = {
				ASSETCATALOG_COMPILER_APPICON_NAME = AppIcon;
				CODE_SIGN_ENTITLEMENTS = "garage-sensor/garage-sensor.entitlements";
				CODE_SIGN_STYLE = Automatic;
				DEVELOPMENT_TEAM = 558L8UH5X5;
				INFOPLIST_FILE = "garage-sensor/Info.plist";
				LD_RUNPATH_SEARCH_PATHS = "$(inherited) @executable_path/Frameworks";
				PRODUCT_BUNDLE_IDENTIFIER = "com.iot-sa.garage-sensor";
				PRODUCT_NAME = "$(TARGET_NAME)";
				SWIFT_VERSION = 4.0;
				TARGETED_DEVICE_FAMILY = "1,2";
			};
			name = Debug;
		};
		EBC6AA9F207B8C6E000F41D6 /* Release */ = {
			isa = XCBuildConfiguration;
			baseConfigurationReference = 22AE0681C91A78DDFE6289B6 /* Pods-garage-sensor.release.xcconfig */;
			buildSettings = {
				ASSETCATALOG_COMPILER_APPICON_NAME = AppIcon;
				CODE_SIGN_ENTITLEMENTS = "garage-sensor/garage-sensor.entitlements";
				CODE_SIGN_STYLE = Automatic;
				DEVELOPMENT_TEAM = 558L8UH5X5;
				INFOPLIST_FILE = "garage-sensor/Info.plist";
				LD_RUNPATH_SEARCH_PATHS = "$(inherited) @executable_path/Frameworks";
				PRODUCT_BUNDLE_IDENTIFIER = "com.iot-sa.garage-sensor";
				PRODUCT_NAME = "$(TARGET_NAME)";
				SWIFT_VERSION = 4.0;
				TARGETED_DEVICE_FAMILY = "1,2";
			};
			name = Release;
		};
/* End XCBuildConfiguration section */

/* Begin XCConfigurationList section */
		EBC6AA82207B8C6E000F41D6 /* Build configuration list for PBXProject "garage-sensor" */ = {
			isa = XCConfigurationList;
			buildConfigurations = (
				EBC6AA9B207B8C6E000F41D6 /* Debug */,
				EBC6AA9C207B8C6E000F41D6 /* Release */,
			);
			defaultConfigurationIsVisible = 0;
			defaultConfigurationName = Release;
		};
		EBC6AA9D207B8C6E000F41D6 /* Build configuration list for PBXNativeTarget "garage-sensor" */ = {
			isa = XCConfigurationList;
			buildConfigurations = (
				EBC6AA9E207B8C6E000F41D6 /* Debug */,
				EBC6AA9F207B8C6E000F41D6 /* Release */,
			);
			defaultConfigurationIsVisible = 0;
			defaultConfigurationName = Release;
		};
/* End XCConfigurationList section */
	};
	rootObject = EBC6AA7F207B8C6E000F41D6 /* Project object */;
}
